
Microsoft Visual Studio Solution File, Format Version 12.00
# Visual Studio Version 17
VisualStudioVersion = 17.13.35931.197
MinimumVisualStudioVersion = 10.0.40219.1
Project("{FAE04EC0-301F-11D3-BF4B-00C04F79EFBC}") = "MyAwsApp", "MyAwsApp.csproj", "{12DCFD28-E2C3-B8CA-B13E-A5AF9CCB3C40}"
EndProject
Project("{FAE04EC0-301F-11D3-BF4B-00C04F79EFBC}") = "TestProject1", "..\TestProject1\TestProject1.csproj", "{BFC0486D-267D-497C-A720-2AADDA63D4E8}"
EndProject
Global
	GlobalSection(SolutionConfigurationPlatforms) = preSolution
		Debug|Any CPU = Debug|Any CPU
		Release|Any CPU = Release|Any CPU
	EndGlobalSection
	GlobalSection(ProjectConfigurationPlatforms) = postSolution
		{12DCFD28-E2C3-B8CA-B13E-A5AF9CCB3C40}.Debug|Any CPU.ActiveCfg = Debug|Any CPU
		{12DCFD28-E2C3-B8CA-B13E-A5AF9CCB3C40}.Debug|Any CPU.Build.0 = Debug|Any CPU
		{12DCFD28-E2C3-B8CA-B13E-A5AF9CCB3C40}.Release|Any CPU.ActiveCfg = Release|Any CPU
		{12DCFD28-E2C3-B8CA-B13E-A5AF9CCB3C40}.Release|Any CPU.Build.0 = Release|Any CPU
		{BFC0486D-267D-497C-A720-2AADDA63D4E8}.Debug|Any CPU.ActiveCfg = Debug|Any CPU
		{BFC0486D-267D-497C-A720-2AADDA63D4E8}.Debug|Any CPU.Build.0 = Debug|Any CPU
		{BFC0486D-267D-497C-A720-2AADDA63D4E8}.Release|Any CPU.ActiveCfg = Release|Any CPU
		{BFC0486D-267D-497C-A720-2AADDA63D4E8}.Release|Any CPU.Build.0 = Release|Any CPU
	EndGlobalSection
	GlobalSection(SolutionProperties) = preSolution
		HideSolutionNode = FALSE
	EndGlobalSection
	GlobalSection(ExtensibilityGlobals) = postSolution
		SolutionGuid = {A94A37A1-044D-4A3C-B493-09A176ABCC7E}
	EndGlobalSection
EndGlobal
